// !$*UTF8*$!
{
	archiveVersion = 1;
	classes = {
	};
	objectVersion = 77;
	objects = {

/* Begin PBXBuildFile section */
		B592D42D2DEB58E400D23145 /* WidgetKit.framework in Frameworks */ = {isa = PBXBuildFile; fileRef = B592D42C2DEB58E400D23145 /* WidgetKit.framework */; };
		B592D42F2DEB58E400D23145 /* SwiftUI.framework in Frameworks */ = {isa = PBXBuildFile; fileRef = B592D42E2DEB58E400D23145 /* SwiftUI.framework */; };
		B592D43B2DEB58E500D23145 /* pISSStreamWidgetExtension.appex in Embed Foundation Extensions */ = {isa = PBXBuildFile; fileRef = B592D42B2DEB58E400D23145 /* pISSStreamWidgetExtension.appex */; settings = {ATTRIBUTES = (RemoveHeadersOnCopy, ); }; };
		CA210A432DDD202B009B4249 /* LightstreamerClient in Frameworks */ = {isa = PBXBuildFile; productRef = CA210A422DDD202B009B4249 /* LightstreamerClient */; };
		D48D39102D1301C1006288CB /* LightstreamerClient in Frameworks */ = {isa = PBXBuildFile; productRef = D48D390F2D1301C1006288CB /* LightstreamerClient */; };
/* End PBXBuildFile section */

/* Begin PBXContainerItemProxy section */
		B592D4392DEB58E500D23145 /* PBXContainerItemProxy */ = {
			isa = PBXContainerItemProxy;
			containerPortal = D48D38D42D12F51C006288CB /* Project object */;
			proxyType = 1;
			remoteGlobalIDString = B592D42A2DEB58E400D23145;
			remoteInfo = pISSStreamWidgetExtension;
		};
		CA210A212DDD1E71009B4249 /* PBXContainerItemProxy */ = {
			isa = PBXContainerItemProxy;
			containerPortal = D48D38D42D12F51C006288CB /* Project object */;
			proxyType = 1;
			remoteGlobalIDString = CA210A132DDD1E70009B4249;
			remoteInfo = "pISSStreamWatchApp Watch App";
		};
		CA210A2B2DDD1E71009B4249 /* PBXContainerItemProxy */ = {
			isa = PBXContainerItemProxy;
			containerPortal = D48D38D42D12F51C006288CB /* Project object */;
			proxyType = 1;
			remoteGlobalIDString = CA210A132DDD1E70009B4249;
			remoteInfo = "pISSStreamWatchApp Watch App";
		};
		D48D38EE2D12F51D006288CB /* PBXContainerItemProxy */ = {
			isa = PBXContainerItemProxy;
			containerPortal = D48D38D42D12F51C006288CB /* Project object */;
			proxyType = 1;
			remoteGlobalIDString = D48D38DB2D12F51C006288CB;
			remoteInfo = pISSStream;
		};
		D48D38F82D12F51D006288CB /* PBXContainerItemProxy */ = {
			isa = PBXContainerItemProxy;
			containerPortal = D48D38D42D12F51C006288CB /* Project object */;
			proxyType = 1;
			remoteGlobalIDString = D48D38DB2D12F51C006288CB;
			remoteInfo = pISSStream;
		};
/* End PBXContainerItemProxy section */

/* Begin PBXCopyFilesBuildPhase section */
		B592D4402DEB58E500D23145 /* Embed Foundation Extensions */ = {
			isa = PBXCopyFilesBuildPhase;
			buildActionMask = 2147483647;
			dstPath = "";
			dstSubfolderSpec = 13;
			files = (
				B592D43B2DEB58E500D23145 /* pISSStreamWidgetExtension.appex in Embed Foundation Extensions */,
			);
			name = "Embed Foundation Extensions";
			runOnlyForDeploymentPostprocessing = 0;
		};
/* End PBXCopyFilesBuildPhase section */

/* Begin PBXFileReference section */
		B592D42B2DEB58E400D23145 /* pISSStreamWidgetExtension.appex */ = {isa = PBXFileReference; explicitFileType = "wrapper.app-extension"; includeInIndex = 0; path = pISSStreamWidgetExtension.appex; sourceTree = BUILT_PRODUCTS_DIR; };
		B592D42C2DEB58E400D23145 /* WidgetKit.framework */ = {isa = PBXFileReference; lastKnownFileType = wrapper.framework; name = WidgetKit.framework; path = /System/Library/Frameworks/WidgetKit.framework; sourceTree = "<absolute>"; };
		B592D42E2DEB58E400D23145 /* SwiftUI.framework */ = {isa = PBXFileReference; lastKnownFileType = wrapper.framework; name = SwiftUI.framework; path = /System/Library/Frameworks/SwiftUI.framework; sourceTree = "<absolute>"; };
		CA210A142DDD1E70009B4249 /* pISSStreamWatchApp Watch App.app */ = {isa = PBXFileReference; explicitFileType = wrapper.application; includeInIndex = 0; path = "pISSStreamWatchApp Watch App.app"; sourceTree = BUILT_PRODUCTS_DIR; };
		CA210A202DDD1E71009B4249 /* pISSStreamWatchApp Watch AppTests.xctest */ = {isa = PBXFileReference; explicitFileType = wrapper.cfbundle; includeInIndex = 0; path = "pISSStreamWatchApp Watch AppTests.xctest"; sourceTree = BUILT_PRODUCTS_DIR; };
		CA210A2A2DDD1E71009B4249 /* pISSStreamWatchApp Watch AppUITests.xctest */ = {isa = PBXFileReference; explicitFileType = wrapper.cfbundle; includeInIndex = 0; path = "pISSStreamWatchApp Watch AppUITests.xctest"; sourceTree = BUILT_PRODUCTS_DIR; };
		D48D38DC2D12F51C006288CB /* pISSStream.app */ = {isa = PBXFileReference; explicitFileType = wrapper.application; includeInIndex = 0; path = pISSStream.app; sourceTree = BUILT_PRODUCTS_DIR; };
		D48D38ED2D12F51D006288CB /* pISSStreamTests.xctest */ = {isa = PBXFileReference; explicitFileType = wrapper.cfbundle; includeInIndex = 0; path = pISSStreamTests.xctest; sourceTree = BUILT_PRODUCTS_DIR; };
		D48D38F72D12F51D006288CB /* pISSStreamUITests.xctest */ = {isa = PBXFileReference; explicitFileType = wrapper.cfbundle; includeInIndex = 0; path = pISSStreamUITests.xctest; sourceTree = BUILT_PRODUCTS_DIR; };
/* End PBXFileReference section */

/* Begin PBXFileSystemSynchronizedBuildFileExceptionSet section */
		B592D43F2DEB58E500D23145 /* Exceptions for "pISSStreamWidget" folder in "pISSStreamWidgetExtension" target */ = {
			isa = PBXFileSystemSynchronizedBuildFileExceptionSet;
			membershipExceptions = (
				Info.plist,
			);
			target = B592D42A2DEB58E400D23145 /* pISSStreamWidgetExtension */;
		};
		CA210A402DDD1EA5009B4249 /* Exceptions for "pISSStream" folder in "pISSStreamWatchApp Watch App" target */ = {
			isa = PBXFileSystemSynchronizedBuildFileExceptionSet;
			membershipExceptions = (
				PissSocket.swift,
				Utils/ExtensionColors.swift,
				ViewModel/AppStateViewModel.swift,
			);
			target = CA210A132DDD1E70009B4249 /* pISSStreamWatchApp Watch App */;
		};
		CAB3D15E2D1CD2B1001CF071 /* Exceptions for "pISSStream" folder in "pISSStream" target */ = {
			isa = PBXFileSystemSynchronizedBuildFileExceptionSet;
			membershipExceptions = (
				Info.plist,
			);
			platformFiltersByRelativePath = {
				"Resources/deep-space.mp3" = (xros, );
			};
			target = D48D38DB2D12F51C006288CB /* pISSStream */;
		};
/* End PBXFileSystemSynchronizedBuildFileExceptionSet section */

/* Begin PBXFileSystemSynchronizedRootGroup section */
		B592D4302DEB58E400D23145 /* pISSStreamWidget */ = {
			isa = PBXFileSystemSynchronizedRootGroup;
			exceptions = (
				B592D43F2DEB58E500D23145 /* Exceptions for "pISSStreamWidget" folder in "pISSStreamWidgetExtension" target */,
			);
			path = pISSStreamWidget;
			sourceTree = "<group>";
		};
		CA210A152DDD1E70009B4249 /* pISSStreamWatchApp Watch App */ = {
			isa = PBXFileSystemSynchronizedRootGroup;
			path = "pISSStreamWatchApp Watch App";
			sourceTree = "<group>";
		};
		CA210A232DDD1E71009B4249 /* pISSStreamWatchApp Watch AppTests */ = {
			isa = PBXFileSystemSynchronizedRootGroup;
			path = "pISSStreamWatchApp Watch AppTests";
			sourceTree = "<group>";
		};
		CA210A2D2DDD1E71009B4249 /* pISSStreamWatchApp Watch AppUITests */ = {
			isa = PBXFileSystemSynchronizedRootGroup;
			path = "pISSStreamWatchApp Watch AppUITests";
			sourceTree = "<group>";
		};
		D48D38DE2D12F51C006288CB /* pISSStream */ = {
			isa = PBXFileSystemSynchronizedRootGroup;
			exceptions = (
				CAB3D15E2D1CD2B1001CF071 /* Exceptions for "pISSStream" folder in "pISSStream" target */,
				CA210A402DDD1EA5009B4249 /* Exceptions for "pISSStream" folder in "pISSStreamWatchApp Watch App" target */,
			);
			path = pISSStream;
			sourceTree = "<group>";
		};
		D48D38F02D12F51D006288CB /* pISSStreamTests */ = {
			isa = PBXFileSystemSynchronizedRootGroup;
			path = pISSStreamTests;
			sourceTree = "<group>";
		};
		D48D38FA2D12F51D006288CB /* pISSStreamUITests */ = {
			isa = PBXFileSystemSynchronizedRootGroup;
			path = pISSStreamUITests;
			sourceTree = "<group>";
		};
/* End PBXFileSystemSynchronizedRootGroup section */

/* Begin PBXFrameworksBuildPhase section */
		B592D4282DEB58E400D23145 /* Frameworks */ = {
			isa = PBXFrameworksBuildPhase;
			buildActionMask = 2147483647;
			files = (
				B592D42F2DEB58E400D23145 /* SwiftUI.framework in Frameworks */,
				B592D42D2DEB58E400D23145 /* WidgetKit.framework in Frameworks */,
			);
			runOnlyForDeploymentPostprocessing = 0;
		};
		CA210A112DDD1E70009B4249 /* Frameworks */ = {
			isa = PBXFrameworksBuildPhase;
			buildActionMask = 2147483647;
			files = (
				CA210A432DDD202B009B4249 /* LightstreamerClient in Frameworks */,
			);
			runOnlyForDeploymentPostprocessing = 0;
		};
		CA210A1D2DDD1E71009B4249 /* Frameworks */ = {
			isa = PBXFrameworksBuildPhase;
			buildActionMask = 2147483647;
			files = (
			);
			runOnlyForDeploymentPostprocessing = 0;
		};
		CA210A272DDD1E71009B4249 /* Frameworks */ = {
			isa = PBXFrameworksBuildPhase;
			buildActionMask = 2147483647;
			files = (
			);
			runOnlyForDeploymentPostprocessing = 0;
		};
		D48D38D92D12F51C006288CB /* Frameworks */ = {
			isa = PBXFrameworksBuildPhase;
			buildActionMask = 2147483647;
			files = (
				D48D39102D1301C1006288CB /* LightstreamerClient in Frameworks */,
			);
			runOnlyForDeploymentPostprocessing = 0;
		};
		D48D38EA2D12F51D006288CB /* Frameworks */ = {
			isa = PBXFrameworksBuildPhase;
			buildActionMask = 2147483647;
			files = (
			);
			runOnlyForDeploymentPostprocessing = 0;
		};
		D48D38F42D12F51D006288CB /* Frameworks */ = {
			isa = PBXFrameworksBuildPhase;
			buildActionMask = 2147483647;
			files = (
			);
			runOnlyForDeploymentPostprocessing = 0;
		};
/* End PBXFrameworksBuildPhase section */

/* Begin PBXGroup section */
		D48D38D32D12F51C006288CB = {
			isa = PBXGroup;
			children = (
				D48D38DE2D12F51C006288CB /* pISSStream */,
				D48D38F02D12F51D006288CB /* pISSStreamTests */,
				D48D38FA2D12F51D006288CB /* pISSStreamUITests */,
				CA210A152DDD1E70009B4249 /* pISSStreamWatchApp Watch App */,
				CA210A232DDD1E71009B4249 /* pISSStreamWatchApp Watch AppTests */,
				CA210A2D2DDD1E71009B4249 /* pISSStreamWatchApp Watch AppUITests */,
				B592D4302DEB58E400D23145 /* pISSStreamWidget */,
				D48D390E2D1301BE006288CB /* Frameworks */,
				D48D38DD2D12F51C006288CB /* Products */,
			);
			sourceTree = "<group>";
		};
		D48D38DD2D12F51C006288CB /* Products */ = {
			isa = PBXGroup;
			children = (
				D48D38DC2D12F51C006288CB /* pISSStream.app */,
				D48D38ED2D12F51D006288CB /* pISSStreamTests.xctest */,
				D48D38F72D12F51D006288CB /* pISSStreamUITests.xctest */,
				CA210A142DDD1E70009B4249 /* pISSStreamWatchApp Watch App.app */,
				CA210A202DDD1E71009B4249 /* pISSStreamWatchApp Watch AppTests.xctest */,
				CA210A2A2DDD1E71009B4249 /* pISSStreamWatchApp Watch AppUITests.xctest */,
				B592D42B2DEB58E400D23145 /* pISSStreamWidgetExtension.appex */,
			);
			name = Products;
			sourceTree = "<group>";
		};
		D48D390E2D1301BE006288CB /* Frameworks */ = {
			isa = PBXGroup;
			children = (
				B592D42C2DEB58E400D23145 /* WidgetKit.framework */,
				B592D42E2DEB58E400D23145 /* SwiftUI.framework */,
			);
			name = Frameworks;
			sourceTree = "<group>";
		};
/* End PBXGroup section */

/* Begin PBXNativeTarget section */
		B592D42A2DEB58E400D23145 /* pISSStreamWidgetExtension */ = {
			isa = PBXNativeTarget;
			buildConfigurationList = B592D43C2DEB58E500D23145 /* Build configuration list for PBXNativeTarget "pISSStreamWidgetExtension" */;
			buildPhases = (
				B592D4272DEB58E400D23145 /* Sources */,
				B592D4282DEB58E400D23145 /* Frameworks */,
				B592D4292DEB58E400D23145 /* Resources */,
			);
			buildRules = (
			);
			dependencies = (
			);
			fileSystemSynchronizedGroups = (
				B592D4302DEB58E400D23145 /* pISSStreamWidget */,
			);
			name = pISSStreamWidgetExtension;
			packageProductDependencies = (
			);
			productName = pISSStreamWidgetExtension;
			productReference = B592D42B2DEB58E400D23145 /* pISSStreamWidgetExtension.appex */;
			productType = "com.apple.product-type.app-extension";
		};
		CA210A132DDD1E70009B4249 /* pISSStreamWatchApp Watch App */ = {
			isa = PBXNativeTarget;
			buildConfigurationList = CA210A3C2DDD1E71009B4249 /* Build configuration list for PBXNativeTarget "pISSStreamWatchApp Watch App" */;
			buildPhases = (
				CA210A102DDD1E70009B4249 /* Sources */,
				CA210A112DDD1E70009B4249 /* Frameworks */,
				CA210A122DDD1E70009B4249 /* Resources */,
			);
			buildRules = (
			);
			dependencies = (
			);
			fileSystemSynchronizedGroups = (
				CA210A152DDD1E70009B4249 /* pISSStreamWatchApp Watch App */,
			);
			name = "pISSStreamWatchApp Watch App";
			packageProductDependencies = (
				CA210A422DDD202B009B4249 /* LightstreamerClient */,
			);
			productName = "pISSStreamWatchApp Watch App";
			productReference = CA210A142DDD1E70009B4249 /* pISSStreamWatchApp Watch App.app */;
			productType = "com.apple.product-type.application";
		};
		CA210A1F2DDD1E71009B4249 /* pISSStreamWatchApp Watch AppTests */ = {
			isa = PBXNativeTarget;
			buildConfigurationList = CA210A3D2DDD1E71009B4249 /* Build configuration list for PBXNativeTarget "pISSStreamWatchApp Watch AppTests" */;
			buildPhases = (
				CA210A1C2DDD1E71009B4249 /* Sources */,
				CA210A1D2DDD1E71009B4249 /* Frameworks */,
				CA210A1E2DDD1E71009B4249 /* Resources */,
			);
			buildRules = (
			);
			dependencies = (
				CA210A222DDD1E71009B4249 /* PBXTargetDependency */,
			);
			fileSystemSynchronizedGroups = (
				CA210A232DDD1E71009B4249 /* pISSStreamWatchApp Watch AppTests */,
			);
			name = "pISSStreamWatchApp Watch AppTests";
			packageProductDependencies = (
			);
			productName = "pISSStreamWatchApp Watch AppTests";
			productReference = CA210A202DDD1E71009B4249 /* pISSStreamWatchApp Watch AppTests.xctest */;
			productType = "com.apple.product-type.bundle.unit-test";
		};
		CA210A292DDD1E71009B4249 /* pISSStreamWatchApp Watch AppUITests */ = {
			isa = PBXNativeTarget;
			buildConfigurationList = CA210A3E2DDD1E71009B4249 /* Build configuration list for PBXNativeTarget "pISSStreamWatchApp Watch AppUITests" */;
			buildPhases = (
				CA210A262DDD1E71009B4249 /* Sources */,
				CA210A272DDD1E71009B4249 /* Frameworks */,
				CA210A282DDD1E71009B4249 /* Resources */,
			);
			buildRules = (
			);
			dependencies = (
				CA210A2C2DDD1E71009B4249 /* PBXTargetDependency */,
			);
			fileSystemSynchronizedGroups = (
				CA210A2D2DDD1E71009B4249 /* pISSStreamWatchApp Watch AppUITests */,
			);
			name = "pISSStreamWatchApp Watch AppUITests";
			packageProductDependencies = (
			);
			productName = "pISSStreamWatchApp Watch AppUITests";
			productReference = CA210A2A2DDD1E71009B4249 /* pISSStreamWatchApp Watch AppUITests.xctest */;
			productType = "com.apple.product-type.bundle.ui-testing";
		};
		D48D38DB2D12F51C006288CB /* pISSStream */ = {
			isa = PBXNativeTarget;
			buildConfigurationList = D48D39012D12F51D006288CB /* Build configuration list for PBXNativeTarget "pISSStream" */;
			buildPhases = (
				D48D38D82D12F51C006288CB /* Sources */,
				D48D38D92D12F51C006288CB /* Frameworks */,
				D48D38DA2D12F51C006288CB /* Resources */,
				B592D4402DEB58E500D23145 /* Embed Foundation Extensions */,
			);
			buildRules = (
			);
			dependencies = (
				D48D390D2D12FAD5006288CB /* PBXTargetDependency */,
				B592D43A2DEB58E500D23145 /* PBXTargetDependency */,
			);
			fileSystemSynchronizedGroups = (
				D48D38DE2D12F51C006288CB /* pISSStream */,
			);
			name = pISSStream;
			packageProductDependencies = (
				D48D390F2D1301C1006288CB /* LightstreamerClient */,
			);
			productName = pISSStream;
			productReference = D48D38DC2D12F51C006288CB /* pISSStream.app */;
			productType = "com.apple.product-type.application";
		};
		D48D38EC2D12F51D006288CB /* pISSStreamTests */ = {
			isa = PBXNativeTarget;
			buildConfigurationList = D48D39042D12F51D006288CB /* Build configuration list for PBXNativeTarget "pISSStreamTests" */;
			buildPhases = (
				D48D38E92D12F51D006288CB /* Sources */,
				D48D38EA2D12F51D006288CB /* Frameworks */,
				D48D38EB2D12F51D006288CB /* Resources */,
			);
			buildRules = (
			);
			dependencies = (
				D48D38EF2D12F51D006288CB /* PBXTargetDependency */,
			);
			fileSystemSynchronizedGroups = (
				D48D38F02D12F51D006288CB /* pISSStreamTests */,
			);
			name = pISSStreamTests;
			packageProductDependencies = (
			);
			productName = pISSStreamTests;
			productReference = D48D38ED2D12F51D006288CB /* pISSStreamTests.xctest */;
			productType = "com.apple.product-type.bundle.unit-test";
		};
		D48D38F62D12F51D006288CB /* pISSStreamUITests */ = {
			isa = PBXNativeTarget;
			buildConfigurationList = D48D39072D12F51D006288CB /* Build configuration list for PBXNativeTarget "pISSStreamUITests" */;
			buildPhases = (
				D48D38F32D12F51D006288CB /* Sources */,
				D48D38F42D12F51D006288CB /* Frameworks */,
				D48D38F52D12F51D006288CB /* Resources */,
			);
			buildRules = (
			);
			dependencies = (
				D48D38F92D12F51D006288CB /* PBXTargetDependency */,
			);
			fileSystemSynchronizedGroups = (
				D48D38FA2D12F51D006288CB /* pISSStreamUITests */,
			);
			name = pISSStreamUITests;
			packageProductDependencies = (
			);
			productName = pISSStreamUITests;
			productReference = D48D38F72D12F51D006288CB /* pISSStreamUITests.xctest */;
			productType = "com.apple.product-type.bundle.ui-testing";
		};
/* End PBXNativeTarget section */

/* Begin PBXProject section */
		D48D38D42D12F51C006288CB /* Project object */ = {
			isa = PBXProject;
			attributes = {
				BuildIndependentTargetsInParallel = 1;
				LastSwiftUpdateCheck = 1630;
				LastUpgradeCheck = 1620;
				TargetAttributes = {
					B592D42A2DEB58E400D23145 = {
						CreatedOnToolsVersion = 16.3;
						LastSwiftMigration = 1630;
					};
					CA210A132DDD1E70009B4249 = {
						CreatedOnToolsVersion = 16.3;
					};
					CA210A1F2DDD1E71009B4249 = {
						CreatedOnToolsVersion = 16.3;
						TestTargetID = CA210A132DDD1E70009B4249;
					};
					CA210A292DDD1E71009B4249 = {
						CreatedOnToolsVersion = 16.3;
						TestTargetID = CA210A132DDD1E70009B4249;
					};
					D48D38DB2D12F51C006288CB = {
						CreatedOnToolsVersion = 16.2;
					};
					D48D38EC2D12F51D006288CB = {
						CreatedOnToolsVersion = 16.2;
						TestTargetID = D48D38DB2D12F51C006288CB;
					};
					D48D38F62D12F51D006288CB = {
						CreatedOnToolsVersion = 16.2;
						TestTargetID = D48D38DB2D12F51C006288CB;
					};
				};
			};
			buildConfigurationList = D48D38D72D12F51C006288CB /* Build configuration list for PBXProject "pISSStream" */;
			developmentRegion = en;
			hasScannedForEncodings = 0;
			knownRegions = (
				en,
				Base,
			);
			mainGroup = D48D38D32D12F51C006288CB;
			minimizedProjectReferenceProxies = 1;
			packageReferences = (
				D48D390B2D12FABA006288CB /* XCRemoteSwiftPackageReference "Lightstreamer-lib-client-swift" */,
			);
			preferredProjectObjectVersion = 77;
			productRefGroup = D48D38DD2D12F51C006288CB /* Products */;
			projectDirPath = "";
			projectRoot = "";
			targets = (
				D48D38DB2D12F51C006288CB /* pISSStream */,
				D48D38EC2D12F51D006288CB /* pISSStreamTests */,
				D48D38F62D12F51D006288CB /* pISSStreamUITests */,
				CA210A132DDD1E70009B4249 /* pISSStreamWatchApp Watch App */,
				CA210A1F2DDD1E71009B4249 /* pISSStreamWatchApp Watch AppTests */,
				CA210A292DDD1E71009B4249 /* pISSStreamWatchApp Watch AppUITests */,
				B592D42A2DEB58E400D23145 /* pISSStreamWidgetExtension */,
			);
		};
/* End PBXProject section */

/* Begin PBXResourcesBuildPhase section */
		B592D4292DEB58E400D23145 /* Resources */ = {
			isa = PBXResourcesBuildPhase;
			buildActionMask = 2147483647;
			files = (
			);
			runOnlyForDeploymentPostprocessing = 0;
		};
		CA210A122DDD1E70009B4249 /* Resources */ = {
			isa = PBXResourcesBuildPhase;
			buildActionMask = 2147483647;
			files = (
			);
			runOnlyForDeploymentPostprocessing = 0;
		};
		CA210A1E2DDD1E71009B4249 /* Resources */ = {
			isa = PBXResourcesBuildPhase;
			buildActionMask = 2147483647;
			files = (
			);
			runOnlyForDeploymentPostprocessing = 0;
		};
		CA210A282DDD1E71009B4249 /* Resources */ = {
			isa = PBXResourcesBuildPhase;
			buildActionMask = 2147483647;
			files = (
			);
			runOnlyForDeploymentPostprocessing = 0;
		};
		D48D38DA2D12F51C006288CB /* Resources */ = {
			isa = PBXResourcesBuildPhase;
			buildActionMask = 2147483647;
			files = (
			);
			runOnlyForDeploymentPostprocessing = 0;
		};
		D48D38EB2D12F51D006288CB /* Resources */ = {
			isa = PBXResourcesBuildPhase;
			buildActionMask = 2147483647;
			files = (
			);
			runOnlyForDeploymentPostprocessing = 0;
		};
		D48D38F52D12F51D006288CB /* Resources */ = {
			isa = PBXResourcesBuildPhase;
			buildActionMask = 2147483647;
			files = (
			);
			runOnlyForDeploymentPostprocessing = 0;
		};
/* End PBXResourcesBuildPhase section */

/* Begin PBXSourcesBuildPhase section */
		B592D4272DEB58E400D23145 /* Sources */ = {
			isa = PBXSourcesBuildPhase;
			buildActionMask = 2147483647;
			files = (
			);
			runOnlyForDeploymentPostprocessing = 0;
		};
		CA210A102DDD1E70009B4249 /* Sources */ = {
			isa = PBXSourcesBuildPhase;
			buildActionMask = 2147483647;
			files = (
			);
			runOnlyForDeploymentPostprocessing = 0;
		};
		CA210A1C2DDD1E71009B4249 /* Sources */ = {
			isa = PBXSourcesBuildPhase;
			buildActionMask = 2147483647;
			files = (
			);
			runOnlyForDeploymentPostprocessing = 0;
		};
		CA210A262DDD1E71009B4249 /* Sources */ = {
			isa = PBXSourcesBuildPhase;
			buildActionMask = 2147483647;
			files = (
			);
			runOnlyForDeploymentPostprocessing = 0;
		};
		D48D38D82D12F51C006288CB /* Sources */ = {
			isa = PBXSourcesBuildPhase;
			buildActionMask = 2147483647;
			files = (
			);
			runOnlyForDeploymentPostprocessing = 0;
		};
		D48D38E92D12F51D006288CB /* Sources */ = {
			isa = PBXSourcesBuildPhase;
			buildActionMask = 2147483647;
			files = (
			);
			runOnlyForDeploymentPostprocessing = 0;
		};
		D48D38F32D12F51D006288CB /* Sources */ = {
			isa = PBXSourcesBuildPhase;
			buildActionMask = 2147483647;
			files = (
			);
			runOnlyForDeploymentPostprocessing = 0;
		};
/* End PBXSourcesBuildPhase section */

/* Begin PBXTargetDependency section */
		B592D43A2DEB58E500D23145 /* PBXTargetDependency */ = {
			isa = PBXTargetDependency;
			target = B592D42A2DEB58E400D23145 /* pISSStreamWidgetExtension */;
			targetProxy = B592D4392DEB58E500D23145 /* PBXContainerItemProxy */;
		};
		CA210A222DDD1E71009B4249 /* PBXTargetDependency */ = {
			isa = PBXTargetDependency;
			target = CA210A132DDD1E70009B4249 /* pISSStreamWatchApp Watch App */;
			targetProxy = CA210A212DDD1E71009B4249 /* PBXContainerItemProxy */;
		};
		CA210A2C2DDD1E71009B4249 /* PBXTargetDependency */ = {
			isa = PBXTargetDependency;
			target = CA210A132DDD1E70009B4249 /* pISSStreamWatchApp Watch App */;
			targetProxy = CA210A2B2DDD1E71009B4249 /* PBXContainerItemProxy */;
		};
		D48D38EF2D12F51D006288CB /* PBXTargetDependency */ = {
			isa = PBXTargetDependency;
			target = D48D38DB2D12F51C006288CB /* pISSStream */;
			targetProxy = D48D38EE2D12F51D006288CB /* PBXContainerItemProxy */;
		};
		D48D38F92D12F51D006288CB /* PBXTargetDependency */ = {
			isa = PBXTargetDependency;
			target = D48D38DB2D12F51C006288CB /* pISSStream */;
			targetProxy = D48D38F82D12F51D006288CB /* PBXContainerItemProxy */;
		};
		D48D390D2D12FAD5006288CB /* PBXTargetDependency */ = {
			isa = PBXTargetDependency;
			productRef = D48D390C2D12FAD5006288CB /* LightstreamerClient */;
		};
/* End PBXTargetDependency section */

/* Begin XCBuildConfiguration section */
		B592D43D2DEB58E500D23145 /* Debug */ = {
			isa = XCBuildConfiguration;
			buildSettings = {
				ASSETCATALOG_COMPILER_GLOBAL_ACCENT_COLOR_NAME = AccentColor;
				ASSETCATALOG_COMPILER_WIDGET_BACKGROUND_COLOR_NAME = WidgetBackground;
				CLANG_ENABLE_MODULES = YES;
				CODE_SIGN_ENTITLEMENTS = pISSStreamWidget/pISSStreamWidget.entitlements;
				CODE_SIGN_IDENTITY = "Apple Development";
				CODE_SIGN_STYLE = Automatic;
				CURRENT_PROJECT_VERSION = 1;
				DEVELOPMENT_TEAM = 543YKMKB3W;
				ENABLE_HARDENED_RUNTIME = YES;
				GENERATE_INFOPLIST_FILE = YES;
				INFOPLIST_FILE = pISSStreamWidget/Info.plist;
				INFOPLIST_KEY_CFBundleDisplayName = pISSStreamWidget;
				INFOPLIST_KEY_NSHumanReadableCopyright = "";
				IPHONEOS_DEPLOYMENT_TARGET = 18.4;
				LD_RUNPATH_SEARCH_PATHS = (
					"$(inherited)",
					"@executable_path/Frameworks",
					"@executable_path/../../Frameworks",
				);
				"LD_RUNPATH_SEARCH_PATHS[sdk=macosx*]" = (
					"$(inherited)",
					"@executable_path/../Frameworks",
					"@executable_path/../../../../Frameworks",
				);
				MACOSX_DEPLOYMENT_TARGET = 15.4;
				MARKETING_VERSION = 1.0;
				PRODUCT_BUNDLE_IDENTIFIER = social.bsky.jaennaet.pISSStream.pISSStreamWidget;
				PRODUCT_NAME = "$(TARGET_NAME)";
				SDKROOT = auto;
				SKIP_INSTALL = YES;
				SUPPORTED_PLATFORMS = "iphoneos iphonesimulator macosx xros xrsimulator";
				SWIFT_EMIT_LOC_STRINGS = YES;
				SWIFT_OPTIMIZATION_LEVEL = "-Onone";
				SWIFT_VERSION = 5.0;
				TARGETED_DEVICE_FAMILY = "1,2,7";
				XROS_DEPLOYMENT_TARGET = 2.4;
			};
			name = Debug;
		};
		B592D43E2DEB58E500D23145 /* Release */ = {
			isa = XCBuildConfiguration;
			buildSettings = {
				ASSETCATALOG_COMPILER_GLOBAL_ACCENT_COLOR_NAME = AccentColor;
				ASSETCATALOG_COMPILER_WIDGET_BACKGROUND_COLOR_NAME = WidgetBackground;
				CLANG_ENABLE_MODULES = YES;
				CODE_SIGN_ENTITLEMENTS = pISSStreamWidget/pISSStreamWidget.entitlements;
				CODE_SIGN_IDENTITY = "Apple Development";
				CODE_SIGN_STYLE = Automatic;
				CURRENT_PROJECT_VERSION = 1;
				DEVELOPMENT_TEAM = 543YKMKB3W;
				ENABLE_HARDENED_RUNTIME = YES;
				GENERATE_INFOPLIST_FILE = YES;
				INFOPLIST_FILE = pISSStreamWidget/Info.plist;
				INFOPLIST_KEY_CFBundleDisplayName = pISSStreamWidget;
				INFOPLIST_KEY_NSHumanReadableCopyright = "";
				IPHONEOS_DEPLOYMENT_TARGET = 18.4;
				LD_RUNPATH_SEARCH_PATHS = (
					"$(inherited)",
					"@executable_path/Frameworks",
					"@executable_path/../../Frameworks",
				);
				"LD_RUNPATH_SEARCH_PATHS[sdk=macosx*]" = (
					"$(inherited)",
					"@executable_path/../Frameworks",
					"@executable_path/../../../../Frameworks",
				);
				MACOSX_DEPLOYMENT_TARGET = 15.4;
				MARKETING_VERSION = 1.0;
				PRODUCT_BUNDLE_IDENTIFIER = social.bsky.jaennaet.pISSStream.pISSStreamWidget;
				PRODUCT_NAME = "$(TARGET_NAME)";
				SDKROOT = auto;
				SKIP_INSTALL = YES;
				SUPPORTED_PLATFORMS = "iphoneos iphonesimulator macosx xros xrsimulator";
				SWIFT_EMIT_LOC_STRINGS = YES;
				SWIFT_VERSION = 5.0;
				TARGETED_DEVICE_FAMILY = "1,2,7";
				XROS_DEPLOYMENT_TARGET = 2.4;
			};
			name = Release;
		};
		CA210A362DDD1E71009B4249 /* Debug */ = {
			isa = XCBuildConfiguration;
			buildSettings = {
				ASSETCATALOG_COMPILER_APPICON_NAME = AppIcon;
				ASSETCATALOG_COMPILER_GLOBAL_ACCENT_COLOR_NAME = AccentColor;
				CODE_SIGN_IDENTITY = "Apple Development";
				CODE_SIGN_STYLE = Manual;
				CURRENT_PROJECT_VERSION = 1;
				DEVELOPMENT_TEAM = "";
				ENABLE_PREVIEWS = YES;
				GENERATE_INFOPLIST_FILE = YES;
				INFOPLIST_KEY_CFBundleDisplayName = pISSStreamWatchApp;
				INFOPLIST_KEY_UISupportedInterfaceOrientations = "UIInterfaceOrientationPortrait UIInterfaceOrientationPortraitUpsideDown";
				INFOPLIST_KEY_WKCompanionAppBundleIdentifier = social.bsky.jaennaet.pISSStream;
				LD_RUNPATH_SEARCH_PATHS = (
					"$(inherited)",
					"@executable_path/Frameworks",
				);
				MARKETING_VERSION = 1.0;
				PRODUCT_BUNDLE_IDENTIFIER = social.bsky.jaennaet.pISSStream.watchkitapp;
				PRODUCT_NAME = "$(TARGET_NAME)";
				PROVISIONING_PROFILE_SPECIFIER = "";
				SDKROOT = watchos;
				SKIP_INSTALL = YES;
				SWIFT_EMIT_LOC_STRINGS = YES;
				SWIFT_VERSION = 5.0;
				TARGETED_DEVICE_FAMILY = 4;
				WATCHOS_DEPLOYMENT_TARGET = 11.4;
			};
			name = Debug;
		};
		CA210A372DDD1E71009B4249 /* Release */ = {
			isa = XCBuildConfiguration;
			buildSettings = {
				ASSETCATALOG_COMPILER_APPICON_NAME = AppIcon;
				ASSETCATALOG_COMPILER_GLOBAL_ACCENT_COLOR_NAME = AccentColor;
				CODE_SIGN_IDENTITY = "Apple Development";
				CODE_SIGN_STYLE = Manual;
				CURRENT_PROJECT_VERSION = 1;
				DEVELOPMENT_TEAM = "";
				ENABLE_PREVIEWS = YES;
				GENERATE_INFOPLIST_FILE = YES;
				INFOPLIST_KEY_CFBundleDisplayName = pISSStreamWatchApp;
				INFOPLIST_KEY_UISupportedInterfaceOrientations = "UIInterfaceOrientationPortrait UIInterfaceOrientationPortraitUpsideDown";
				INFOPLIST_KEY_WKCompanionAppBundleIdentifier = social.bsky.jaennaet.pISSStream;
				LD_RUNPATH_SEARCH_PATHS = (
					"$(inherited)",
					"@executable_path/Frameworks",
				);
				MARKETING_VERSION = 1.0;
				PRODUCT_BUNDLE_IDENTIFIER = social.bsky.jaennaet.pISSStream.watchkitapp;
				PRODUCT_NAME = "$(TARGET_NAME)";
				PROVISIONING_PROFILE_SPECIFIER = "";
				SDKROOT = watchos;
				SKIP_INSTALL = YES;
				SWIFT_EMIT_LOC_STRINGS = YES;
				SWIFT_VERSION = 5.0;
				TARGETED_DEVICE_FAMILY = 4;
				VALIDATE_PRODUCT = YES;
				WATCHOS_DEPLOYMENT_TARGET = 11.4;
			};
			name = Release;
		};
		CA210A382DDD1E71009B4249 /* Debug */ = {
			isa = XCBuildConfiguration;
			buildSettings = {
				BUNDLE_LOADER = "$(TEST_HOST)";
				CODE_SIGN_STYLE = Automatic;
				CURRENT_PROJECT_VERSION = 1;
				DEVELOPMENT_TEAM = MVFU2L7FRK;
				GENERATE_INFOPLIST_FILE = YES;
				MARKETING_VERSION = 1.0;
				PRODUCT_BUNDLE_IDENTIFIER = "com.durul.pISSStreamWatchApp-Watch-AppTests";
				PRODUCT_NAME = "$(TARGET_NAME)";
				SDKROOT = watchos;
				SWIFT_EMIT_LOC_STRINGS = NO;
				SWIFT_VERSION = 5.0;
				TARGETED_DEVICE_FAMILY = 4;
				TEST_HOST = "$(BUILT_PRODUCTS_DIR)/pISSStreamWatchApp Watch App.app/$(BUNDLE_EXECUTABLE_FOLDER_PATH)/pISSStreamWatchApp Watch App";
				WATCHOS_DEPLOYMENT_TARGET = 11.4;
			};
			name = Debug;
		};
		CA210A392DDD1E71009B4249 /* Release */ = {
			isa = XCBuildConfiguration;
			buildSettings = {
				BUNDLE_LOADER = "$(TEST_HOST)";
				CODE_SIGN_STYLE = Automatic;
				CURRENT_PROJECT_VERSION = 1;
				DEVELOPMENT_TEAM = MVFU2L7FRK;
				GENERATE_INFOPLIST_FILE = YES;
				MARKETING_VERSION = 1.0;
				PRODUCT_BUNDLE_IDENTIFIER = "com.durul.pISSStreamWatchApp-Watch-AppTests";
				PRODUCT_NAME = "$(TARGET_NAME)";
				SDKROOT = watchos;
				SWIFT_EMIT_LOC_STRINGS = NO;
				SWIFT_VERSION = 5.0;
				TARGETED_DEVICE_FAMILY = 4;
				TEST_HOST = "$(BUILT_PRODUCTS_DIR)/pISSStreamWatchApp Watch App.app/$(BUNDLE_EXECUTABLE_FOLDER_PATH)/pISSStreamWatchApp Watch App";
				VALIDATE_PRODUCT = YES;
				WATCHOS_DEPLOYMENT_TARGET = 11.4;
			};
			name = Release;
		};
		CA210A3A2DDD1E71009B4249 /* Debug */ = {
			isa = XCBuildConfiguration;
			buildSettings = {
				CODE_SIGN_STYLE = Automatic;
				CURRENT_PROJECT_VERSION = 1;
				DEVELOPMENT_TEAM = MVFU2L7FRK;
				GENERATE_INFOPLIST_FILE = YES;
				MARKETING_VERSION = 1.0;
				PRODUCT_BUNDLE_IDENTIFIER = "com.durul.pISSStreamWatchApp-Watch-AppUITests";
				PRODUCT_NAME = "$(TARGET_NAME)";
				SDKROOT = watchos;
				SWIFT_EMIT_LOC_STRINGS = NO;
				SWIFT_VERSION = 5.0;
				TARGETED_DEVICE_FAMILY = 4;
				TEST_TARGET_NAME = "pISSStreamWatchApp Watch App";
				WATCHOS_DEPLOYMENT_TARGET = 11.4;
			};
			name = Debug;
		};
		CA210A3B2DDD1E71009B4249 /* Release */ = {
			isa = XCBuildConfiguration;
			buildSettings = {
				CODE_SIGN_STYLE = Automatic;
				CURRENT_PROJECT_VERSION = 1;
				DEVELOPMENT_TEAM = MVFU2L7FRK;
				GENERATE_INFOPLIST_FILE = YES;
				MARKETING_VERSION = 1.0;
				PRODUCT_BUNDLE_IDENTIFIER = "com.durul.pISSStreamWatchApp-Watch-AppUITests";
				PRODUCT_NAME = "$(TARGET_NAME)";
				SDKROOT = watchos;
				SWIFT_EMIT_LOC_STRINGS = NO;
				SWIFT_VERSION = 5.0;
				TARGETED_DEVICE_FAMILY = 4;
				TEST_TARGET_NAME = "pISSStreamWatchApp Watch App";
				VALIDATE_PRODUCT = YES;
				WATCHOS_DEPLOYMENT_TARGET = 11.4;
			};
			name = Release;
		};
		D48D38FF2D12F51D006288CB /* Debug */ = {
			isa = XCBuildConfiguration;
			buildSettings = {
				ALWAYS_SEARCH_USER_PATHS = NO;
				ASSETCATALOG_COMPILER_GENERATE_SWIFT_ASSET_SYMBOL_EXTENSIONS = YES;
				CLANG_ANALYZER_NONNULL = YES;
				CLANG_ANALYZER_NUMBER_OBJECT_CONVERSION = YES_AGGRESSIVE;
				CLANG_CXX_LANGUAGE_STANDARD = "gnu++20";
				CLANG_ENABLE_MODULES = YES;
				CLANG_ENABLE_OBJC_ARC = YES;
				CLANG_ENABLE_OBJC_WEAK = YES;
				CLANG_WARN_BLOCK_CAPTURE_AUTORELEASING = YES;
				CLANG_WARN_BOOL_CONVERSION = YES;
				CLANG_WARN_COMMA = YES;
				CLANG_WARN_CONSTANT_CONVERSION = YES;
				CLANG_WARN_DEPRECATED_OBJC_IMPLEMENTATIONS = YES;
				CLANG_WARN_DIRECT_OBJC_ISA_USAGE = YES_ERROR;
				CLANG_WARN_DOCUMENTATION_COMMENTS = YES;
				CLANG_WARN_EMPTY_BODY = YES;
				CLANG_WARN_ENUM_CONVERSION = YES;
				CLANG_WARN_INFINITE_RECURSION = YES;
				CLANG_WARN_INT_CONVERSION = YES;
				CLANG_WARN_NON_LITERAL_NULL_CONVERSION = YES;
				CLANG_WARN_OBJC_IMPLICIT_RETAIN_SELF = YES;
				CLANG_WARN_OBJC_LITERAL_CONVERSION = YES;
				CLANG_WARN_OBJC_ROOT_CLASS = YES_ERROR;
				CLANG_WARN_QUOTED_INCLUDE_IN_FRAMEWORK_HEADER = YES;
				CLANG_WARN_RANGE_LOOP_ANALYSIS = YES;
				CLANG_WARN_STRICT_PROTOTYPES = YES;
				CLANG_WARN_SUSPICIOUS_MOVE = YES;
				CLANG_WARN_UNGUARDED_AVAILABILITY = YES_AGGRESSIVE;
				CLANG_WARN_UNREACHABLE_CODE = YES;
				CLANG_WARN__DUPLICATE_METHOD_MATCH = YES;
				COPY_PHASE_STRIP = NO;
				DEBUG_INFORMATION_FORMAT = dwarf;
				ENABLE_STRICT_OBJC_MSGSEND = YES;
				ENABLE_TESTABILITY = YES;
				ENABLE_USER_SCRIPT_SANDBOXING = YES;
				GCC_C_LANGUAGE_STANDARD = gnu17;
				GCC_DYNAMIC_NO_PIC = NO;
				GCC_NO_COMMON_BLOCKS = YES;
				GCC_OPTIMIZATION_LEVEL = 0;
				GCC_PREPROCESSOR_DEFINITIONS = (
					"DEBUG=1",
					"$(inherited)",
				);
				GCC_WARN_64_TO_32_BIT_CONVERSION = YES;
				GCC_WARN_ABOUT_RETURN_TYPE = YES_ERROR;
				GCC_WARN_UNDECLARED_SELECTOR = YES;
				GCC_WARN_UNINITIALIZED_AUTOS = YES_AGGRESSIVE;
				GCC_WARN_UNUSED_FUNCTION = YES;
				GCC_WARN_UNUSED_VARIABLE = YES;
				LOCALIZATION_PREFERS_STRING_CATALOGS = YES;
				MACOSX_DEPLOYMENT_TARGET = 14.7;
				MTL_ENABLE_DEBUG_INFO = INCLUDE_SOURCE;
				MTL_FAST_MATH = YES;
				ONLY_ACTIVE_ARCH = YES;
				SDKROOT = macosx;
				SWIFT_ACTIVE_COMPILATION_CONDITIONS = "DEBUG $(inherited)";
				SWIFT_OPTIMIZATION_LEVEL = "-Onone";
			};
			name = Debug;
		};
		D48D39002D12F51D006288CB /* Release */ = {
			isa = XCBuildConfiguration;
			buildSettings = {
				ALWAYS_SEARCH_USER_PATHS = NO;
				ASSETCATALOG_COMPILER_GENERATE_SWIFT_ASSET_SYMBOL_EXTENSIONS = YES;
				CLANG_ANALYZER_NONNULL = YES;
				CLANG_ANALYZER_NUMBER_OBJECT_CONVERSION = YES_AGGRESSIVE;
				CLANG_CXX_LANGUAGE_STANDARD = "gnu++20";
				CLANG_ENABLE_MODULES = YES;
				CLANG_ENABLE_OBJC_ARC = YES;
				CLANG_ENABLE_OBJC_WEAK = YES;
				CLANG_WARN_BLOCK_CAPTURE_AUTORELEASING = YES;
				CLANG_WARN_BOOL_CONVERSION = YES;
				CLANG_WARN_COMMA = YES;
				CLANG_WARN_CONSTANT_CONVERSION = YES;
				CLANG_WARN_DEPRECATED_OBJC_IMPLEMENTATIONS = YES;
				CLANG_WARN_DIRECT_OBJC_ISA_USAGE = YES_ERROR;
				CLANG_WARN_DOCUMENTATION_COMMENTS = YES;
				CLANG_WARN_EMPTY_BODY = YES;
				CLANG_WARN_ENUM_CONVERSION = YES;
				CLANG_WARN_INFINITE_RECURSION = YES;
				CLANG_WARN_INT_CONVERSION = YES;
				CLANG_WARN_NON_LITERAL_NULL_CONVERSION = YES;
				CLANG_WARN_OBJC_IMPLICIT_RETAIN_SELF = YES;
				CLANG_WARN_OBJC_LITERAL_CONVERSION = YES;
				CLANG_WARN_OBJC_ROOT_CLASS = YES_ERROR;
				CLANG_WARN_QUOTED_INCLUDE_IN_FRAMEWORK_HEADER = YES;
				CLANG_WARN_RANGE_LOOP_ANALYSIS = YES;
				CLANG_WARN_STRICT_PROTOTYPES = YES;
				CLANG_WARN_SUSPICIOUS_MOVE = YES;
				CLANG_WARN_UNGUARDED_AVAILABILITY = YES_AGGRESSIVE;
				CLANG_WARN_UNREACHABLE_CODE = YES;
				CLANG_WARN__DUPLICATE_METHOD_MATCH = YES;
				COPY_PHASE_STRIP = NO;
				DEBUG_INFORMATION_FORMAT = "dwarf-with-dsym";
				ENABLE_NS_ASSERTIONS = NO;
				ENABLE_STRICT_OBJC_MSGSEND = YES;
				ENABLE_USER_SCRIPT_SANDBOXING = YES;
				GCC_C_LANGUAGE_STANDARD = gnu17;
				GCC_NO_COMMON_BLOCKS = YES;
				GCC_WARN_64_TO_32_BIT_CONVERSION = YES;
				GCC_WARN_ABOUT_RETURN_TYPE = YES_ERROR;
				GCC_WARN_UNDECLARED_SELECTOR = YES;
				GCC_WARN_UNINITIALIZED_AUTOS = YES_AGGRESSIVE;
				GCC_WARN_UNUSED_FUNCTION = YES;
				GCC_WARN_UNUSED_VARIABLE = YES;
				LOCALIZATION_PREFERS_STRING_CATALOGS = YES;
				MACOSX_DEPLOYMENT_TARGET = 14.7;
				MTL_ENABLE_DEBUG_INFO = NO;
				MTL_FAST_MATH = YES;
				SDKROOT = macosx;
				SWIFT_COMPILATION_MODE = wholemodule;
			};
			name = Release;
		};
		D48D39022D12F51D006288CB /* Debug */ = {
			isa = XCBuildConfiguration;
			buildSettings = {
				ASSETCATALOG_COMPILER_APPICON_NAME = AppIcon;
				ASSETCATALOG_COMPILER_GLOBAL_ACCENT_COLOR_NAME = AccentColor;
				CODE_SIGN_ENTITLEMENTS = pISSStream/pISSStream.entitlements;
				CODE_SIGN_IDENTITY = "Apple Development";
				CODE_SIGN_STYLE = Automatic;
				COMBINE_HIDPI_IMAGES = YES;
				CURRENT_PROJECT_VERSION = 1;
				DEVELOPMENT_ASSET_PATHS = "\"pISSStream/Preview Content\"";
				DEVELOPMENT_TEAM = 543YKMKB3W;
				ENABLE_HARDENED_RUNTIME = NO;
				ENABLE_PREVIEWS = YES;
				FUSE_BUILD_SCRIPT_PHASES = NO;
				GENERATE_INFOPLIST_FILE = YES;
				INFOPLIST_FILE = pISSStream/Info.plist;
				INFOPLIST_KEY_CFBundleDisplayName = pISSStream;
				INFOPLIST_KEY_LSApplicationCategoryType = "public.app-category.lifestyle";
				INFOPLIST_KEY_NSHumanReadableCopyright = "";
				LD_RUNPATH_SEARCH_PATHS = (
					"$(inherited)",
					"@executable_path/../Frameworks",
				);
				MACOSX_DEPLOYMENT_TARGET = 14;
				MARKETING_VERSION = 0.3;
				PRODUCT_BUNDLE_IDENTIFIER = social.bsky.jaennaet.pISSStream;
				PRODUCT_NAME = "$(TARGET_NAME)";
				PROVISIONING_PROFILE_SPECIFIER = "";
				SUPPORTED_PLATFORMS = "iphoneos iphonesimulator macosx xros xrsimulator";
				SUPPORTS_MACCATALYST = NO;
				SUPPORTS_XR_DESIGNED_FOR_IPHONE_IPAD = NO;
				SWIFT_EMIT_LOC_STRINGS = YES;
				SWIFT_VERSION = 6.0;
				TARGETED_DEVICE_FAMILY = "1,7";
				XROS_DEPLOYMENT_TARGET = 2.0;
			};
			name = Debug;
		};
		D48D39032D12F51D006288CB /* Release */ = {
			isa = XCBuildConfiguration;
			buildSettings = {
				ASSETCATALOG_COMPILER_APPICON_NAME = AppIcon;
				ASSETCATALOG_COMPILER_GLOBAL_ACCENT_COLOR_NAME = AccentColor;
				CODE_SIGN_ENTITLEMENTS = pISSStream/pISSStream.entitlements;
				CODE_SIGN_IDENTITY = "Apple Development";
				CODE_SIGN_STYLE = Automatic;
				COMBINE_HIDPI_IMAGES = YES;
				CURRENT_PROJECT_VERSION = 1;
				DEVELOPMENT_ASSET_PATHS = "\"pISSStream/Preview Content\"";
				DEVELOPMENT_TEAM = 543YKMKB3W;
				ENABLE_HARDENED_RUNTIME = NO;
				ENABLE_PREVIEWS = YES;
				FUSE_BUILD_SCRIPT_PHASES = NO;
				GENERATE_INFOPLIST_FILE = YES;
				INFOPLIST_FILE = pISSStream/Info.plist;
				INFOPLIST_KEY_CFBundleDisplayName = pISSStream;
				INFOPLIST_KEY_LSApplicationCategoryType = "public.app-category.lifestyle";
				INFOPLIST_KEY_NSHumanReadableCopyright = "";
				LD_RUNPATH_SEARCH_PATHS = (
					"$(inherited)",
					"@executable_path/../Frameworks",
				);
				MACOSX_DEPLOYMENT_TARGET = 14;
				MARKETING_VERSION = 0.3;
				PRODUCT_BUNDLE_IDENTIFIER = social.bsky.jaennaet.pISSStream;
				PRODUCT_NAME = "$(TARGET_NAME)";
				PROVISIONING_PROFILE_SPECIFIER = "";
				SUPPORTED_PLATFORMS = "iphoneos iphonesimulator macosx xros xrsimulator";
				SUPPORTS_MACCATALYST = NO;
				SUPPORTS_XR_DESIGNED_FOR_IPHONE_IPAD = NO;
				SWIFT_EMIT_LOC_STRINGS = YES;
				SWIFT_VERSION = 6.0;
				TARGETED_DEVICE_FAMILY = "1,7";
				XROS_DEPLOYMENT_TARGET = 2.0;
			};
			name = Release;
		};
		D48D39052D12F51D006288CB /* Debug */ = {
			isa = XCBuildConfiguration;
			buildSettings = {
				BUNDLE_LOADER = "$(TEST_HOST)";
				CODE_SIGN_STYLE = Automatic;
				CURRENT_PROJECT_VERSION = 1;
				GENERATE_INFOPLIST_FILE = YES;
				MACOSX_DEPLOYMENT_TARGET = 14.7;
				MARKETING_VERSION = 1.0;
				PRODUCT_BUNDLE_IDENTIFIER = social.bsky.jaennaet.pISSStreamTests;
				PRODUCT_NAME = "$(TARGET_NAME)";
				SWIFT_EMIT_LOC_STRINGS = NO;
				SWIFT_VERSION = 5.0;
				TEST_HOST = "$(BUILT_PRODUCTS_DIR)/pISSStream.app/$(BUNDLE_EXECUTABLE_FOLDER_PATH)/pISSStream";
			};
			name = Debug;
		};
		D48D39062D12F51D006288CB /* Release */ = {
			isa = XCBuildConfiguration;
			buildSettings = {
				BUNDLE_LOADER = "$(TEST_HOST)";
				CODE_SIGN_STYLE = Automatic;
				CURRENT_PROJECT_VERSION = 1;
				GENERATE_INFOPLIST_FILE = YES;
				MACOSX_DEPLOYMENT_TARGET = 14.7;
				MARKETING_VERSION = 1.0;
				PRODUCT_BUNDLE_IDENTIFIER = social.bsky.jaennaet.pISSStreamTests;
				PRODUCT_NAME = "$(TARGET_NAME)";
				SWIFT_EMIT_LOC_STRINGS = NO;
				SWIFT_VERSION = 5.0;
				TEST_HOST = "$(BUILT_PRODUCTS_DIR)/pISSStream.app/$(BUNDLE_EXECUTABLE_FOLDER_PATH)/pISSStream";
			};
			name = Release;
		};
		D48D39082D12F51D006288CB /* Debug */ = {
			isa = XCBuildConfiguration;
			buildSettings = {
				CODE_SIGN_STYLE = Automatic;
				CURRENT_PROJECT_VERSION = 1;
				GENERATE_INFOPLIST_FILE = YES;
				MARKETING_VERSION = 1.0;
				PRODUCT_BUNDLE_IDENTIFIER = social.bsky.jaennaet.pISSStreamUITests;
				PRODUCT_NAME = "$(TARGET_NAME)";
				SWIFT_EMIT_LOC_STRINGS = NO;
				SWIFT_VERSION = 5.0;
				TEST_TARGET_NAME = pISSStream;
			};
			name = Debug;
		};
		D48D39092D12F51D006288CB /* Release */ = {
			isa = XCBuildConfiguration;
			buildSettings = {
				CODE_SIGN_STYLE = Automatic;
				CURRENT_PROJECT_VERSION = 1;
				GENERATE_INFOPLIST_FILE = YES;
				MARKETING_VERSION = 1.0;
				PRODUCT_BUNDLE_IDENTIFIER = social.bsky.jaennaet.pISSStreamUITests;
				PRODUCT_NAME = "$(TARGET_NAME)";
				SWIFT_EMIT_LOC_STRINGS = NO;
				SWIFT_VERSION = 5.0;
				TEST_TARGET_NAME = pISSStream;
			};
			name = Release;
		};
/* End XCBuildConfiguration section */

/* Begin XCConfigurationList section */
		B592D43C2DEB58E500D23145 /* Build configuration list for PBXNativeTarget "pISSStreamWidgetExtension" */ = {
			isa = XCConfigurationList;
			buildConfigurations = (
				B592D43D2DEB58E500D23145 /* Debug */,
				B592D43E2DEB58E500D23145 /* Release */,
			);
			defaultConfigurationIsVisible = 0;
			defaultConfigurationName = Release;
		};
		CA210A3C2DDD1E71009B4249 /* Build configuration list for PBXNativeTarget "pISSStreamWatchApp Watch App" */ = {
			isa = XCConfigurationList;
			buildConfigurations = (
				CA210A362DDD1E71009B4249 /* Debug */,
				CA210A372DDD1E71009B4249 /* Release */,
			);
			defaultConfigurationIsVisible = 0;
			defaultConfigurationName = Release;
		};
		CA210A3D2DDD1E71009B4249 /* Build configuration list for PBXNativeTarget "pISSStreamWatchApp Watch AppTests" */ = {
			isa = XCConfigurationList;
			buildConfigurations = (
				CA210A382DDD1E71009B4249 /* Debug */,
				CA210A392DDD1E71009B4249 /* Release */,
			);
			defaultConfigurationIsVisible = 0;
			defaultConfigurationName = Release;
		};
		CA210A3E2DDD1E71009B4249 /* Build configuration list for PBXNativeTarget "pISSStreamWatchApp Watch AppUITests" */ = {
			isa = XCConfigurationList;
			buildConfigurations = (
				CA210A3A2DDD1E71009B4249 /* Debug */,
				CA210A3B2DDD1E71009B4249 /* Release */,
			);
			defaultConfigurationIsVisible = 0;
			defaultConfigurationName = Release;
		};
		D48D38D72D12F51C006288CB /* Build configuration list for PBXProject "pISSStream" */ = {
			isa = XCConfigurationList;
			buildConfigurations = (
				D48D38FF2D12F51D006288CB /* Debug */,
				D48D39002D12F51D006288CB /* Release */,
			);
			defaultConfigurationIsVisible = 0;
			defaultConfigurationName = Release;
		};
		D48D39012D12F51D006288CB /* Build configuration list for PBXNativeTarget "pISSStream" */ = {
			isa = XCConfigurationList;
			buildConfigurations = (
				D48D39022D12F51D006288CB /* Debug */,
				D48D39032D12F51D006288CB /* Release */,
			);
			defaultConfigurationIsVisible = 0;
			defaultConfigurationName = Release;
		};
		D48D39042D12F51D006288CB /* Build configuration list for PBXNativeTarget "pISSStreamTests" */ = {
			isa = XCConfigurationList;
			buildConfigurations = (
				D48D39052D12F51D006288CB /* Debug */,
				D48D39062D12F51D006288CB /* Release */,
			);
			defaultConfigurationIsVisible = 0;
			defaultConfigurationName = Release;
		};
		D48D39072D12F51D006288CB /* Build configuration list for PBXNativeTarget "pISSStreamUITests" */ = {
			isa = XCConfigurationList;
			buildConfigurations = (
				D48D39082D12F51D006288CB /* Debug */,
				D48D39092D12F51D006288CB /* Release */,
			);
			defaultConfigurationIsVisible = 0;
			defaultConfigurationName = Release;
		};
/* End XCConfigurationList section */

/* Begin XCRemoteSwiftPackageReference section */
		D48D390B2D12FABA006288CB /* XCRemoteSwiftPackageReference "Lightstreamer-lib-client-swift" */ = {
			isa = XCRemoteSwiftPackageReference;
			repositoryURL = "https://github.com/Lightstreamer/Lightstreamer-lib-client-swift/";
			requirement = {
				kind = upToNextMajorVersion;
				minimumVersion = 6.2.0;
			};
		};
/* End XCRemoteSwiftPackageReference section */

/* Begin XCSwiftPackageProductDependency section */
		CA210A422DDD202B009B4249 /* LightstreamerClient */ = {
			isa = XCSwiftPackageProductDependency;
			package = D48D390B2D12FABA006288CB /* XCRemoteSwiftPackageReference "Lightstreamer-lib-client-swift" */;
			productName = LightstreamerClient;
		};
		D48D390C2D12FAD5006288CB /* LightstreamerClient */ = {
			isa = XCSwiftPackageProductDependency;
			package = D48D390B2D12FABA006288CB /* XCRemoteSwiftPackageReference "Lightstreamer-lib-client-swift" */;
			productName = LightstreamerClient;
		};
		D48D390F2D1301C1006288CB /* LightstreamerClient */ = {
			isa = XCSwiftPackageProductDependency;
			package = D48D390B2D12FABA006288CB /* XCRemoteSwiftPackageReference "Lightstreamer-lib-client-swift" */;
			productName = LightstreamerClient;
		};
/* End XCSwiftPackageProductDependency section */
	};
	rootObject = D48D38D42D12F51C006288CB /* Project object */;
}
